
Microsoft Visual Studio Solution File, Format Version 12.00
# Visual Studio 14
VisualStudioVersion = 14.0.25420.1
MinimumVisualStudioVersion = 10.0.40219.1
Project("{FAE04EC0-301F-11D3-BF4B-00C04F79EFBC}") = "Data", "Data\Data.csproj", "{E8C6AFE8-4443-47BC-A8B1-966A02660E5B}"
EndProject
Project("{FAE04EC0-301F-11D3-BF4B-00C04F79EFBC}") = "Bussines", "Bussines\Bussines.csproj", "{83E25041-E898-4C22-927A-57939E984DA7}"
EndProject
Project("{FAE04EC0-301F-11D3-BF4B-00C04F79EFBC}") = "Entity", "Entity\Entity.csproj", "{D3C52A24-7058-4A2E-8DFA-50043CFF4EBA}"
EndProject
Project("{FAE04EC0-301F-11D3-BF4B-00C04F79EFBC}") = "Storage", "Storage\Storage.csproj", "{0B201C54-562D-4AE0-93F3-7AB8455968FD}"
EndProject
Global
	GlobalSection(SolutionConfigurationPlatforms) = preSolution
		Debug|Any CPU = Debug|Any CPU
		Release|Any CPU = Release|Any CPU
	EndGlobalSection
	GlobalSection(ProjectConfigurationPlatforms) = postSolution
		{E8C6AFE8-4443-47BC-A8B1-966A02660E5B}.Debug|Any CPU.ActiveCfg = Debug|Any CPU
		{E8C6AFE8-4443-47BC-A8B1-966A02660E5B}.Debug|Any CPU.Build.0 = Debug|Any CPU
		{E8C6AFE8-4443-47BC-A8B1-966A02660E5B}.Release|Any CPU.ActiveCfg = Release|Any CPU
		{E8C6AFE8-4443-47BC-A8B1-966A02660E5B}.Release|Any CPU.Build.0 = Release|Any CPU
		{83E25041-E898-4C22-927A-57939E984DA7}.Debug|Any CPU.ActiveCfg = Debug|Any CPU
		{83E25041-E898-4C22-927A-57939E984DA7}.Debug|Any CPU.Build.0 = Debug|Any CPU
		{83E25041-E898-4C22-927A-57939E984DA7}.Release|Any CPU.ActiveCfg = Release|Any CPU
		{83E25041-E898-4C22-927A-57939E984DA7}.Release|Any CPU.Build.0 = Release|Any CPU
		{D3C52A24-7058-4A2E-8DFA-50043CFF4EBA}.Debug|Any CPU.ActiveCfg = Debug|Any CPU
		{D3C52A24-7058-4A2E-8DFA-50043CFF4EBA}.Debug|Any CPU.Build.0 = Debug|Any CPU
		{D3C52A24-7058-4A2E-8DFA-50043CFF4EBA}.Release|Any CPU.ActiveCfg = Release|Any CPU
		{D3C52A24-7058-4A2E-8DFA-50043CFF4EBA}.Release|Any CPU.Build.0 = Release|Any CPU
		{0B201C54-562D-4AE0-93F3-7AB8455968FD}.Debug|Any CPU.ActiveCfg = Debug|Any CPU
		{0B201C54-562D-4AE0-93F3-7AB8455968FD}.Debug|Any CPU.Build.0 = Debug|Any CPU
		{0B201C54-562D-4AE0-93F3-7AB8455968FD}.Release|Any CPU.ActiveCfg = Release|Any CPU
		{0B201C54-562D-4AE0-93F3-7AB8455968FD}.Release|Any CPU.Build.0 = Release|Any CPU
	EndGlobalSection
	GlobalSection(SolutionProperties) = preSolution
		HideSolutionNode = FALSE
	EndGlobalSection
EndGlobal
